
Microsoft Visual Studio Solution File, Format Version 12.00
# Visual Studio Version 17
VisualStudioVersion = 17.6.33829.357
MinimumVisualStudioVersion = 10.0.40219.1
Project("{FAE04EC0-301F-11D3-BF4B-00C04F79EFBC}") = "PhoneBookList", "PhoneBookList\PhoneBookList.csproj", "{274C2FA5-22F2-4ABA-9839-1019CD4D16AB}"
EndProject
Global
	GlobalSection(SolutionConfigurationPlatforms) = preSolution
		Debug|Any CPU = Debug|Any CPU
		Release|Any CPU = Release|Any CPU
	EndGlobalSection
	GlobalSection(ProjectConfigurationPlatforms) = postSolution
		{274C2FA5-22F2-4ABA-9839-1019CD4D16AB}.Debug|Any CPU.ActiveCfg = Debug|Any CPU
		{274C2FA5-22F2-4ABA-9839-1019CD4D16AB}.Debug|Any CPU.Build.0 = Debug|Any CPU
		{274C2FA5-22F2-4ABA-9839-1019CD4D16AB}.Release|Any CPU.ActiveCfg = Release|Any CPU
		{274C2FA5-22F2-4ABA-9839-1019CD4D16AB}.Release|Any CPU.Build.0 = Release|Any CPU
	EndGlobalSection
	GlobalSection(SolutionProperties) = preSolution
		HideSolutionNode = FALSE
	EndGlobalSection
	GlobalSection(ExtensibilityGlobals) = postSolution
		SolutionGuid = {38E921AE-3496-42D7-985B-64D4B35D0BF6}
	EndGlobalSection
EndGlobal
